
Microsoft Visual Studio Solution File, Format Version 12.00
# Visual Studio Version 17
VisualStudioVersion = 17.3.32901.215
MinimumVisualStudioVersion = 10.0.40219.1
Project("{FAE04EC0-301F-11D3-BF4B-00C04F79EFBC}") = "FigureProgram", "FigureProgram\FigureProgram.csproj", "{3B9ABC9B-0F15-433A-B9F3-3699849F817B}"
EndProject
Global
	GlobalSection(SolutionConfigurationPlatforms) = preSolution
		Debug|Any CPU = Debug|Any CPU
		Release|Any CPU = Release|Any CPU
	EndGlobalSection
	GlobalSection(ProjectConfigurationPlatforms) = postSolution
		{3B9ABC9B-0F15-433A-B9F3-3699849F817B}.Debug|Any CPU.ActiveCfg = Debug|Any CPU
		{3B9ABC9B-0F15-433A-B9F3-3699849F817B}.Debug|Any CPU.Build.0 = Debug|Any CPU
		{3B9ABC9B-0F15-433A-B9F3-3699849F817B}.Release|Any CPU.ActiveCfg = Release|Any CPU
		{3B9ABC9B-0F15-433A-B9F3-3699849F817B}.Release|Any CPU.Build.0 = Release|Any CPU
	EndGlobalSection
	GlobalSection(SolutionProperties) = preSolution
		HideSolutionNode = FALSE
	EndGlobalSection
	GlobalSection(ExtensibilityGlobals) = postSolution
		SolutionGuid = {AF2AF60B-A90D-4479-9A20-4F1C8E58362C}
	EndGlobalSection
EndGlobal
